// !$*UTF8*$!
{
	archiveVersion = 1;
	classes = {
	};
	objectVersion = 56;
	objects = {

/* Begin PBXBuildFile section */
		4FF56484F376DF2B89E7DBC1 /* Pods_Reciplease.framework in Frameworks */ = {isa = PBXBuildFile; fileRef = 622F9FDAEAFDA04526E89B84 /* Pods_Reciplease.framework */; };
		A3D2B08D87D6B6C5F69AE6DA /* Pods_RecipleaseTests.framework in Frameworks */ = {isa = PBXBuildFile; fileRef = 5CD77F7FD60BC7D0B35CE292 /* Pods_RecipleaseTests.framework */; };
		DE35F8822C0F365F008C4082 /* RecipeCell.xib in Resources */ = {isa = PBXBuildFile; fileRef = DE35F8802C0F365F008C4082 /* RecipeCell.xib */; };
		DE366A3B2BDC03A000563AB7 /* SearchViewController.swift in Sources */ = {isa = PBXBuildFile; fileRef = DE366A3A2BDC03A000563AB7 /* SearchViewController.swift */; };
		DE366A412BDC04CA00563AB7 /* RecipeTableViewController.swift in Sources */ = {isa = PBXBuildFile; fileRef = DE366A402BDC04CA00563AB7 /* RecipeTableViewController.swift */; };
		DE366A442BDC050300563AB7 /* DetailedRecipeViewController.swift in Sources */ = {isa = PBXBuildFile; fileRef = DE366A432BDC050300563AB7 /* DetailedRecipeViewController.swift */; };
		DE366A482BE94CAE00563AB7 /* FavoriteTableViewController.swift in Sources */ = {isa = PBXBuildFile; fileRef = DE366A472BE94CAE00563AB7 /* FavoriteTableViewController.swift */; };
		DE366A4B2BEA8CD400563AB7 /* RecipeResult.swift in Sources */ = {isa = PBXBuildFile; fileRef = DE366A4A2BEA8CD400563AB7 /* RecipeResult.swift */; };
		DE366A4E2BEA8D1600563AB7 /* RecipeService.swift in Sources */ = {isa = PBXBuildFile; fileRef = DE366A4D2BEA8D1600563AB7 /* RecipeService.swift */; };
		DE366A522BEA901500563AB7 /* RecipeQuery.swift in Sources */ = {isa = PBXBuildFile; fileRef = DE366A512BEA901500563AB7 /* RecipeQuery.swift */; };
		DE366A542BEA905B00563AB7 /* APIResponse.swift in Sources */ = {isa = PBXBuildFile; fileRef = DE366A532BEA905B00563AB7 /* APIResponse.swift */; };
		DE366A642BEBECF700563AB7 /* Extension+UIViewController.swift in Sources */ = {isa = PBXBuildFile; fileRef = DE366A632BEBECF700563AB7 /* Extension+UIViewController.swift */; };
		DE366A672BEBF56A00563AB7 /* RecipeTableViewCell.swift in Sources */ = {isa = PBXBuildFile; fileRef = DE366A662BEBF56A00563AB7 /* RecipeTableViewCell.swift */; };
		DE366A692BEBF92100563AB7 /* InfoView.swift in Sources */ = {isa = PBXBuildFile; fileRef = DE366A682BEBF92100563AB7 /* InfoView.swift */; };
		DE366A6D2BEC423D00563AB7 /* Extension+UIImageView.swift in Sources */ = {isa = PBXBuildFile; fileRef = DE366A6C2BEC423D00563AB7 /* Extension+UIImageView.swift */; };
		DE366A7A2BEE3B0800563AB7 /* CoreData.framework in Frameworks */ = {isa = PBXBuildFile; fileRef = DE366A792BEE3B0800563AB7 /* CoreData.framework */; };
		DE366A7D2BEE3B2000563AB7 /* Reciplease.xcdatamodeld in Sources */ = {isa = PBXBuildFile; fileRef = DE366A7B2BEE3B2000563AB7 /* Reciplease.xcdatamodeld */; };
		DE366A852BEE7AD400563AB7 /* CoreDataStack.swift in Sources */ = {isa = PBXBuildFile; fileRef = DE366A842BEE7AD400563AB7 /* CoreDataStack.swift */; };
		DE366A872BEE7E0300563AB7 /* CoreDataHelper.swift in Sources */ = {isa = PBXBuildFile; fileRef = DE366A862BEE7E0300563AB7 /* CoreDataHelper.swift */; };
		DE366A8B2BEE958B00563AB7 /* Extension+Notification.swift in Sources */ = {isa = PBXBuildFile; fileRef = DE366A8A2BEE958B00563AB7 /* Extension+Notification.swift */; };
		DE366A8F2BEF0BD800563AB7 /* IngredientTableViewCell.swift in Sources */ = {isa = PBXBuildFile; fileRef = DE366A8E2BEF0BD800563AB7 /* IngredientTableViewCell.swift */; };
		DE366A912BEF1D9C00563AB7 /* IngredientsDetailTableViewCell.swift in Sources */ = {isa = PBXBuildFile; fileRef = DE366A902BEF1D9C00563AB7 /* IngredientsDetailTableViewCell.swift */; };
		DE586B172BDB460F00BC7848 /* AppDelegate.swift in Sources */ = {isa = PBXBuildFile; fileRef = DE586B162BDB460F00BC7848 /* AppDelegate.swift */; };
		DE586B192BDB460F00BC7848 /* SceneDelegate.swift in Sources */ = {isa = PBXBuildFile; fileRef = DE586B182BDB460F00BC7848 /* SceneDelegate.swift */; };
		DE586B1E2BDB460F00BC7848 /* Main.storyboard in Resources */ = {isa = PBXBuildFile; fileRef = DE586B1C2BDB460F00BC7848 /* Main.storyboard */; };
		DE586B202BDB461200BC7848 /* Assets.xcassets in Resources */ = {isa = PBXBuildFile; fileRef = DE586B1F2BDB461200BC7848 /* Assets.xcassets */; };
		DE586B2E2BDB461200BC7848 /* RecipeServiceTests.swift in Sources */ = {isa = PBXBuildFile; fileRef = DE586B2D2BDB461200BC7848 /* RecipeServiceTests.swift */; };
		DE586B382BDB461200BC7848 /* RecipleaseUITests.swift in Sources */ = {isa = PBXBuildFile; fileRef = DE586B372BDB461200BC7848 /* RecipleaseUITests.swift */; };
		DE586B3A2BDB461200BC7848 /* RecipleaseUITestsLaunchTests.swift in Sources */ = {isa = PBXBuildFile; fileRef = DE586B392BDB461200BC7848 /* RecipleaseUITestsLaunchTests.swift */; };
		DE58E2EB2BF1B31C0012766A /* MockRecipesResponse.json in Resources */ = {isa = PBXBuildFile; fileRef = DE58E2EA2BF1B31C0012766A /* MockRecipesResponse.json */; };
		DE58E2ED2BF1B3B90012766A /* MockUrlProtocol.swift in Sources */ = {isa = PBXBuildFile; fileRef = DE58E2EC2BF1B3B90012766A /* MockUrlProtocol.swift */; };
		DE58E2EF2BF1B5C80012766A /* MockData.swift in Sources */ = {isa = PBXBuildFile; fileRef = DE58E2EE2BF1B5C80012766A /* MockData.swift */; };
		DE58E2F12BF1BBDB0012766A /* CoreDataStackTests.swift in Sources */ = {isa = PBXBuildFile; fileRef = DE58E2F02BF1BBDB0012766A /* CoreDataStackTests.swift */; };
		DE58E2F32BF22A2D0012766A /* MockPersistentContainer.swift in Sources */ = {isa = PBXBuildFile; fileRef = DE58E2F22BF22A2D0012766A /* MockPersistentContainer.swift */; };
		DE58E3022BF245AC0012766A /* CoreDataHelperTests.swift in Sources */ = {isa = PBXBuildFile; fileRef = DE58E3012BF245AC0012766A /* CoreDataHelperTests.swift */; };
		DE58E3042BF2460A0012766A /* MockCoreDataStack.swift in Sources */ = {isa = PBXBuildFile; fileRef = DE58E3032BF2460A0012766A /* MockCoreDataStack.swift */; };
/* End PBXBuildFile section */

/* Begin PBXContainerItemProxy section */
		DE586B2A2BDB461200BC7848 /* PBXContainerItemProxy */ = {
			isa = PBXContainerItemProxy;
			containerPortal = DE586B0B2BDB460F00BC7848 /* Project object */;
			proxyType = 1;
			remoteGlobalIDString = DE586B122BDB460F00BC7848;
			remoteInfo = Reciplease;
		};
		DE586B342BDB461200BC7848 /* PBXContainerItemProxy */ = {
			isa = PBXContainerItemProxy;
			containerPortal = DE586B0B2BDB460F00BC7848 /* Project object */;
			proxyType = 1;
			remoteGlobalIDString = DE586B122BDB460F00BC7848;
			remoteInfo = Reciplease;
		};
/* End PBXContainerItemProxy section */

/* Begin PBXFileReference section */
		5CD77F7FD60BC7D0B35CE292 /* Pods_RecipleaseTests.framework */ = {isa = PBXFileReference; explicitFileType = wrapper.framework; includeInIndex = 0; path = Pods_RecipleaseTests.framework; sourceTree = BUILT_PRODUCTS_DIR; };
		622F9FDAEAFDA04526E89B84 /* Pods_Reciplease.framework */ = {isa = PBXFileReference; explicitFileType = wrapper.framework; includeInIndex = 0; path = Pods_Reciplease.framework; sourceTree = BUILT_PRODUCTS_DIR; };
		6BF4C6A0ABFB720546F26DD0 /* Pods-Reciplease.release.xcconfig */ = {isa = PBXFileReference; includeInIndex = 1; lastKnownFileType = text.xcconfig; name = "Pods-Reciplease.release.xcconfig"; path = "Target Support Files/Pods-Reciplease/Pods-Reciplease.release.xcconfig"; sourceTree = "<group>"; };
		A08E6BD67AA40BCE3F486F0D /* Pods-Reciplease.debug.xcconfig */ = {isa = PBXFileReference; includeInIndex = 1; lastKnownFileType = text.xcconfig; name = "Pods-Reciplease.debug.xcconfig"; path = "Target Support Files/Pods-Reciplease/Pods-Reciplease.debug.xcconfig"; sourceTree = "<group>"; };
		B2B097F9CCEB4B54060C6EB8 /* Pods-RecipleaseTests.debug.xcconfig */ = {isa = PBXFileReference; includeInIndex = 1; lastKnownFileType = text.xcconfig; name = "Pods-RecipleaseTests.debug.xcconfig"; path = "Target Support Files/Pods-RecipleaseTests/Pods-RecipleaseTests.debug.xcconfig"; sourceTree = "<group>"; };
		D494B9F37BE65779B466AC1B /* Pods-RecipleaseTests.release.xcconfig */ = {isa = PBXFileReference; includeInIndex = 1; lastKnownFileType = text.xcconfig; name = "Pods-RecipleaseTests.release.xcconfig"; path = "Target Support Files/Pods-RecipleaseTests/Pods-RecipleaseTests.release.xcconfig"; sourceTree = "<group>"; };
		DE35F8802C0F365F008C4082 /* RecipeCell.xib */ = {isa = PBXFileReference; lastKnownFileType = file.xib; path = RecipeCell.xib; sourceTree = "<group>"; };
		DE366A3A2BDC03A000563AB7 /* SearchViewController.swift */ = {isa = PBXFileReference; lastKnownFileType = sourcecode.swift; path = SearchViewController.swift; sourceTree = "<group>"; };
		DE366A402BDC04CA00563AB7 /* RecipeTableViewController.swift */ = {isa = PBXFileReference; lastKnownFileType = sourcecode.swift; path = RecipeTableViewController.swift; sourceTree = "<group>"; };
		DE366A432BDC050300563AB7 /* DetailedRecipeViewController.swift */ = {isa = PBXFileReference; lastKnownFileType = sourcecode.swift; path = DetailedRecipeViewController.swift; sourceTree = "<group>"; };
		DE366A472BE94CAE00563AB7 /* FavoriteTableViewController.swift */ = {isa = PBXFileReference; lastKnownFileType = sourcecode.swift; path = FavoriteTableViewController.swift; sourceTree = "<group>"; };
		DE366A4A2BEA8CD400563AB7 /* RecipeResult.swift */ = {isa = PBXFileReference; lastKnownFileType = sourcecode.swift; path = RecipeResult.swift; sourceTree = "<group>"; };
		DE366A4D2BEA8D1600563AB7 /* RecipeService.swift */ = {isa = PBXFileReference; lastKnownFileType = sourcecode.swift; path = RecipeService.swift; sourceTree = "<group>"; };
		DE366A512BEA901500563AB7 /* RecipeQuery.swift */ = {isa = PBXFileReference; lastKnownFileType = sourcecode.swift; path = RecipeQuery.swift; sourceTree = "<group>"; };
		DE366A532BEA905B00563AB7 /* APIResponse.swift */ = {isa = PBXFileReference; lastKnownFileType = sourcecode.swift; path = APIResponse.swift; sourceTree = "<group>"; };
		DE366A632BEBECF700563AB7 /* Extension+UIViewController.swift */ = {isa = PBXFileReference; lastKnownFileType = sourcecode.swift; path = "Extension+UIViewController.swift"; sourceTree = "<group>"; };
		DE366A662BEBF56A00563AB7 /* RecipeTableViewCell.swift */ = {isa = PBXFileReference; lastKnownFileType = sourcecode.swift; path = RecipeTableViewCell.swift; sourceTree = "<group>"; };
		DE366A682BEBF92100563AB7 /* InfoView.swift */ = {isa = PBXFileReference; lastKnownFileType = sourcecode.swift; path = InfoView.swift; sourceTree = "<group>"; };
		DE366A6C2BEC423D00563AB7 /* Extension+UIImageView.swift */ = {isa = PBXFileReference; lastKnownFileType = sourcecode.swift; path = "Extension+UIImageView.swift"; sourceTree = "<group>"; };
		DE366A792BEE3B0800563AB7 /* CoreData.framework */ = {isa = PBXFileReference; lastKnownFileType = wrapper.framework; name = CoreData.framework; path = System/Library/Frameworks/CoreData.framework; sourceTree = SDKROOT; };
		DE366A7C2BEE3B2000563AB7 /* Reciplease.xcdatamodel */ = {isa = PBXFileReference; lastKnownFileType = wrapper.xcdatamodel; path = Reciplease.xcdatamodel; sourceTree = "<group>"; };
		DE366A842BEE7AD400563AB7 /* CoreDataStack.swift */ = {isa = PBXFileReference; lastKnownFileType = sourcecode.swift; path = CoreDataStack.swift; sourceTree = "<group>"; };
		DE366A862BEE7E0300563AB7 /* CoreDataHelper.swift */ = {isa = PBXFileReference; lastKnownFileType = sourcecode.swift; path = CoreDataHelper.swift; sourceTree = "<group>"; };
		DE366A8A2BEE958B00563AB7 /* Extension+Notification.swift */ = {isa = PBXFileReference; lastKnownFileType = sourcecode.swift; path = "Extension+Notification.swift"; sourceTree = "<group>"; };
		DE366A8E2BEF0BD800563AB7 /* IngredientTableViewCell.swift */ = {isa = PBXFileReference; lastKnownFileType = sourcecode.swift; path = IngredientTableViewCell.swift; sourceTree = "<group>"; };
		DE366A902BEF1D9C00563AB7 /* IngredientsDetailTableViewCell.swift */ = {isa = PBXFileReference; lastKnownFileType = sourcecode.swift; path = IngredientsDetailTableViewCell.swift; sourceTree = "<group>"; };
		DE586B132BDB460F00BC7848 /* Reciplease.app */ = {isa = PBXFileReference; explicitFileType = wrapper.application; includeInIndex = 0; path = Reciplease.app; sourceTree = BUILT_PRODUCTS_DIR; };
		DE586B162BDB460F00BC7848 /* AppDelegate.swift */ = {isa = PBXFileReference; lastKnownFileType = sourcecode.swift; path = AppDelegate.swift; sourceTree = "<group>"; };
		DE586B182BDB460F00BC7848 /* SceneDelegate.swift */ = {isa = PBXFileReference; lastKnownFileType = sourcecode.swift; path = SceneDelegate.swift; sourceTree = "<group>"; };
		DE586B1D2BDB460F00BC7848 /* Base */ = {isa = PBXFileReference; lastKnownFileType = file.storyboard; name = Base; path = Base.lproj/Main.storyboard; sourceTree = "<group>"; };
		DE586B1F2BDB461200BC7848 /* Assets.xcassets */ = {isa = PBXFileReference; lastKnownFileType = folder.assetcatalog; path = Assets.xcassets; sourceTree = "<group>"; };
		DE586B242BDB461200BC7848 /* Info.plist */ = {isa = PBXFileReference; lastKnownFileType = text.plist.xml; path = Info.plist; sourceTree = "<group>"; };
		DE586B292BDB461200BC7848 /* RecipleaseTests.xctest */ = {isa = PBXFileReference; explicitFileType = wrapper.cfbundle; includeInIndex = 0; path = RecipleaseTests.xctest; sourceTree = BUILT_PRODUCTS_DIR; };
		DE586B2D2BDB461200BC7848 /* RecipeServiceTests.swift */ = {isa = PBXFileReference; lastKnownFileType = sourcecode.swift; path = RecipeServiceTests.swift; sourceTree = "<group>"; };
		DE586B332BDB461200BC7848 /* RecipleaseUITests.xctest */ = {isa = PBXFileReference; explicitFileType = wrapper.cfbundle; includeInIndex = 0; path = RecipleaseUITests.xctest; sourceTree = BUILT_PRODUCTS_DIR; };
		DE586B372BDB461200BC7848 /* RecipleaseUITests.swift */ = {isa = PBXFileReference; lastKnownFileType = sourcecode.swift; path = RecipleaseUITests.swift; sourceTree = "<group>"; };
		DE586B392BDB461200BC7848 /* RecipleaseUITestsLaunchTests.swift */ = {isa = PBXFileReference; lastKnownFileType = sourcecode.swift; path = RecipleaseUITestsLaunchTests.swift; sourceTree = "<group>"; };
		DE586B462BDB4A6100BC7848 /* Reciplease.entitlements */ = {isa = PBXFileReference; lastKnownFileType = text.plist.entitlements; path = Reciplease.entitlements; sourceTree = "<group>"; };
		DE58E2EA2BF1B31C0012766A /* MockRecipesResponse.json */ = {isa = PBXFileReference; fileEncoding = 4; lastKnownFileType = text.json; path = MockRecipesResponse.json; sourceTree = "<group>"; };
		DE58E2EC2BF1B3B90012766A /* MockUrlProtocol.swift */ = {isa = PBXFileReference; lastKnownFileType = sourcecode.swift; path = MockUrlProtocol.swift; sourceTree = "<group>"; };
		DE58E2EE2BF1B5C80012766A /* MockData.swift */ = {isa = PBXFileReference; lastKnownFileType = sourcecode.swift; path = MockData.swift; sourceTree = "<group>"; };
		DE58E2F02BF1BBDB0012766A /* CoreDataStackTests.swift */ = {isa = PBXFileReference; lastKnownFileType = sourcecode.swift; path = CoreDataStackTests.swift; sourceTree = "<group>"; };
		DE58E2F22BF22A2D0012766A /* MockPersistentContainer.swift */ = {isa = PBXFileReference; lastKnownFileType = sourcecode.swift; path = MockPersistentContainer.swift; sourceTree = "<group>"; };
		DE58E3012BF245AC0012766A /* CoreDataHelperTests.swift */ = {isa = PBXFileReference; lastKnownFileType = sourcecode.swift; path = CoreDataHelperTests.swift; sourceTree = "<group>"; };
		DE58E3032BF2460A0012766A /* MockCoreDataStack.swift */ = {isa = PBXFileReference; lastKnownFileType = sourcecode.swift; path = MockCoreDataStack.swift; sourceTree = "<group>"; };
/* End PBXFileReference section */

/* Begin PBXFrameworksBuildPhase section */
		DE586B102BDB460F00BC7848 /* Frameworks */ = {
			isa = PBXFrameworksBuildPhase;
			buildActionMask = 2147483647;
			files = (
				DE366A7A2BEE3B0800563AB7 /* CoreData.framework in Frameworks */,
				4FF56484F376DF2B89E7DBC1 /* Pods_Reciplease.framework in Frameworks */,
			);
			runOnlyForDeploymentPostprocessing = 0;
		};
		DE586B262BDB461200BC7848 /* Frameworks */ = {
			isa = PBXFrameworksBuildPhase;
			buildActionMask = 2147483647;
			files = (
				A3D2B08D87D6B6C5F69AE6DA /* Pods_RecipleaseTests.framework in Frameworks */,
			);
			runOnlyForDeploymentPostprocessing = 0;
		};
		DE586B302BDB461200BC7848 /* Frameworks */ = {
			isa = PBXFrameworksBuildPhase;
			buildActionMask = 2147483647;
			files = (
			);
			runOnlyForDeploymentPostprocessing = 0;
		};
/* End PBXFrameworksBuildPhase section */

/* Begin PBXGroup section */
		4F48258725EB3B0D468E4A90 /* Pods */ = {
			isa = PBXGroup;
			children = (
				A08E6BD67AA40BCE3F486F0D /* Pods-Reciplease.debug.xcconfig */,
				6BF4C6A0ABFB720546F26DD0 /* Pods-Reciplease.release.xcconfig */,
				B2B097F9CCEB4B54060C6EB8 /* Pods-RecipleaseTests.debug.xcconfig */,
				D494B9F37BE65779B466AC1B /* Pods-RecipleaseTests.release.xcconfig */,
			);
			path = Pods;
			sourceTree = "<group>";
		};
		94A292DCF741237956308E46 /* Frameworks */ = {
			isa = PBXGroup;
			children = (
				DE366A792BEE3B0800563AB7 /* CoreData.framework */,
				622F9FDAEAFDA04526E89B84 /* Pods_Reciplease.framework */,
				5CD77F7FD60BC7D0B35CE292 /* Pods_RecipleaseTests.framework */,
			);
			name = Frameworks;
			sourceTree = "<group>";
		};
		DE366A382BDC035800563AB7 /* View */ = {
			isa = PBXGroup;
			children = (
				DE586B1C2BDB460F00BC7848 /* Main.storyboard */,
				DE35F8802C0F365F008C4082 /* RecipeCell.xib */,
				DE366A8E2BEF0BD800563AB7 /* IngredientTableViewCell.swift */,
				DE366A902BEF1D9C00563AB7 /* IngredientsDetailTableViewCell.swift */,
				DE366A662BEBF56A00563AB7 /* RecipeTableViewCell.swift */,
				DE366A682BEBF92100563AB7 /* InfoView.swift */,
			);
			name = View;
			path = ..;
			sourceTree = "<group>";
		};
		DE366A392BDC037000563AB7 /* ViewController */ = {
			isa = PBXGroup;
			children = (
				DE366A3A2BDC03A000563AB7 /* SearchViewController.swift */,
				DE366A402BDC04CA00563AB7 /* RecipeTableViewController.swift */,
				DE366A472BE94CAE00563AB7 /* FavoriteTableViewController.swift */,
				DE366A432BDC050300563AB7 /* DetailedRecipeViewController.swift */,
			);
			name = ViewController;
			path = ..;
			sourceTree = "<group>";
		};
		DE366A492BEA8CBB00563AB7 /* Model */ = {
			isa = PBXGroup;
			children = (
				DE366A4C2BEA8CF800563AB7 /* Service */,
				DE366A832BEE7AB700563AB7 /* CoreData */,
			);
			path = Model;
			sourceTree = "<group>";
		};
		DE366A4C2BEA8CF800563AB7 /* Service */ = {
			isa = PBXGroup;
			children = (
				DE366A4D2BEA8D1600563AB7 /* RecipeService.swift */,
				DE366A532BEA905B00563AB7 /* APIResponse.swift */,
				DE366A4A2BEA8CD400563AB7 /* RecipeResult.swift */,
				DE366A512BEA901500563AB7 /* RecipeQuery.swift */,
			);
			path = Service;
			sourceTree = "<group>";
		};
		DE366A652BEBED0700563AB7 /* Extension */ = {
			isa = PBXGroup;
			children = (
				DE366A632BEBECF700563AB7 /* Extension+UIViewController.swift */,
				DE366A6C2BEC423D00563AB7 /* Extension+UIImageView.swift */,
				DE366A8A2BEE958B00563AB7 /* Extension+Notification.swift */,
			);
			path = Extension;
			sourceTree = "<group>";
		};
		DE366A832BEE7AB700563AB7 /* CoreData */ = {
			isa = PBXGroup;
			children = (
				DE366A7B2BEE3B2000563AB7 /* Reciplease.xcdatamodeld */,
				DE366A842BEE7AD400563AB7 /* CoreDataStack.swift */,
				DE366A862BEE7E0300563AB7 /* CoreDataHelper.swift */,
			);
			path = CoreData;
			sourceTree = "<group>";
		};
		DE586B0A2BDB460F00BC7848 = {
			isa = PBXGroup;
			children = (
				DE586B152BDB460F00BC7848 /* Reciplease */,
				DE586B2C2BDB461200BC7848 /* RecipleaseTests */,
				DE586B362BDB461200BC7848 /* RecipleaseUITests */,
				DE586B142BDB460F00BC7848 /* Products */,
				4F48258725EB3B0D468E4A90 /* Pods */,
				94A292DCF741237956308E46 /* Frameworks */,
			);
			sourceTree = "<group>";
		};
		DE586B142BDB460F00BC7848 /* Products */ = {
			isa = PBXGroup;
			children = (
				DE586B132BDB460F00BC7848 /* Reciplease.app */,
				DE586B292BDB461200BC7848 /* RecipleaseTests.xctest */,
				DE586B332BDB461200BC7848 /* RecipleaseUITests.xctest */,
			);
			name = Products;
			sourceTree = "<group>";
		};
		DE586B152BDB460F00BC7848 /* Reciplease */ = {
			isa = PBXGroup;
			children = (
				DE586B462BDB4A6100BC7848 /* Reciplease.entitlements */,
				DE586B162BDB460F00BC7848 /* AppDelegate.swift */,
				DE586B182BDB460F00BC7848 /* SceneDelegate.swift */,
				DE366A652BEBED0700563AB7 /* Extension */,
				DE366A382BDC035800563AB7 /* View */,
				DE366A392BDC037000563AB7 /* ViewController */,
				DE366A492BEA8CBB00563AB7 /* Model */,
				DE586B1F2BDB461200BC7848 /* Assets.xcassets */,
				DE586B242BDB461200BC7848 /* Info.plist */,
			);
			path = Reciplease;
			sourceTree = "<group>";
		};
		DE586B2C2BDB461200BC7848 /* RecipleaseTests */ = {
			isa = PBXGroup;
			children = (
				DE586B2D2BDB461200BC7848 /* RecipeServiceTests.swift */,
				DE58E2F02BF1BBDB0012766A /* CoreDataStackTests.swift */,
				DE58E3012BF245AC0012766A /* CoreDataHelperTests.swift */,
				DE58E3052BF25F070012766A /* Mock */,
			);
			path = RecipleaseTests;
			sourceTree = "<group>";
		};
		DE586B362BDB461200BC7848 /* RecipleaseUITests */ = {
			isa = PBXGroup;
			children = (
				DE586B372BDB461200BC7848 /* RecipleaseUITests.swift */,
				DE586B392BDB461200BC7848 /* RecipleaseUITestsLaunchTests.swift */,
			);
			path = RecipleaseUITests;
			sourceTree = "<group>";
		};
		DE58E3052BF25F070012766A /* Mock */ = {
			isa = PBXGroup;
			children = (
				DE58E2EA2BF1B31C0012766A /* MockRecipesResponse.json */,
				DE58E2EE2BF1B5C80012766A /* MockData.swift */,
				DE58E2EC2BF1B3B90012766A /* MockUrlProtocol.swift */,
				DE58E3032BF2460A0012766A /* MockCoreDataStack.swift */,
				DE58E2F22BF22A2D0012766A /* MockPersistentContainer.swift */,
			);
			path = Mock;
			sourceTree = "<group>";
		};
/* End PBXGroup section */

/* Begin PBXNativeTarget section */
		DE586B122BDB460F00BC7848 /* Reciplease */ = {
			isa = PBXNativeTarget;
			buildConfigurationList = DE586B3D2BDB461200BC7848 /* Build configuration list for PBXNativeTarget "Reciplease" */;
			buildPhases = (
				D4EB8E32A13D29A7EB10878E /* [CP] Check Pods Manifest.lock */,
				DE586B0F2BDB460F00BC7848 /* Sources */,
				DE586B102BDB460F00BC7848 /* Frameworks */,
				DE586B112BDB460F00BC7848 /* Resources */,
				E6687C9051B1D7414C5A02FA /* [CP] Embed Pods Frameworks */,
			);
			buildRules = (
			);
			dependencies = (
			);
			name = Reciplease;
			productName = Reciplease;
			productReference = DE586B132BDB460F00BC7848 /* Reciplease.app */;
			productType = "com.apple.product-type.application";
		};
		DE586B282BDB461200BC7848 /* RecipleaseTests */ = {
			isa = PBXNativeTarget;
			buildConfigurationList = DE586B402BDB461200BC7848 /* Build configuration list for PBXNativeTarget "RecipleaseTests" */;
			buildPhases = (
				29B34145CB766011AC960F78 /* [CP] Check Pods Manifest.lock */,
				DE586B252BDB461200BC7848 /* Sources */,
				DE586B262BDB461200BC7848 /* Frameworks */,
				DE586B272BDB461200BC7848 /* Resources */,
			);
			buildRules = (
			);
			dependencies = (
				DE586B2B2BDB461200BC7848 /* PBXTargetDependency */,
			);
			name = RecipleaseTests;
			productName = RecipleaseTests;
			productReference = DE586B292BDB461200BC7848 /* RecipleaseTests.xctest */;
			productType = "com.apple.product-type.bundle.unit-test";
		};
		DE586B322BDB461200BC7848 /* RecipleaseUITests */ = {
			isa = PBXNativeTarget;
			buildConfigurationList = DE586B432BDB461200BC7848 /* Build configuration list for PBXNativeTarget "RecipleaseUITests" */;
			buildPhases = (
				DE586B2F2BDB461200BC7848 /* Sources */,
				DE586B302BDB461200BC7848 /* Frameworks */,
				DE586B312BDB461200BC7848 /* Resources */,
			);
			buildRules = (
			);
			dependencies = (
				DE586B352BDB461200BC7848 /* PBXTargetDependency */,
			);
			name = RecipleaseUITests;
			productName = RecipleaseUITests;
			productReference = DE586B332BDB461200BC7848 /* RecipleaseUITests.xctest */;
			productType = "com.apple.product-type.bundle.ui-testing";
		};
/* End PBXNativeTarget section */

/* Begin PBXProject section */
		DE586B0B2BDB460F00BC7848 /* Project object */ = {
			isa = PBXProject;
			attributes = {
				BuildIndependentTargetsInParallel = 1;
				LastSwiftUpdateCheck = 1500;
				LastUpgradeCheck = 1500;
				TargetAttributes = {
					DE586B122BDB460F00BC7848 = {
						CreatedOnToolsVersion = 15.0.1;
					};
					DE586B282BDB461200BC7848 = {
						CreatedOnToolsVersion = 15.0.1;
						TestTargetID = DE586B122BDB460F00BC7848;
					};
					DE586B322BDB461200BC7848 = {
						CreatedOnToolsVersion = 15.0.1;
						TestTargetID = DE586B122BDB460F00BC7848;
					};
				};
			};
			buildConfigurationList = DE586B0E2BDB460F00BC7848 /* Build configuration list for PBXProject "Reciplease" */;
			compatibilityVersion = "Xcode 14.0";
			developmentRegion = en;
			hasScannedForEncodings = 0;
			knownRegions = (
				en,
				Base,
			);
			mainGroup = DE586B0A2BDB460F00BC7848;
			productRefGroup = DE586B142BDB460F00BC7848 /* Products */;
			projectDirPath = "";
			projectRoot = "";
			targets = (
				DE586B122BDB460F00BC7848 /* Reciplease */,
				DE586B282BDB461200BC7848 /* RecipleaseTests */,
				DE586B322BDB461200BC7848 /* RecipleaseUITests */,
			);
		};
/* End PBXProject section */

/* Begin PBXResourcesBuildPhase section */
		DE586B112BDB460F00BC7848 /* Resources */ = {
			isa = PBXResourcesBuildPhase;
			buildActionMask = 2147483647;
			files = (
				DE586B202BDB461200BC7848 /* Assets.xcassets in Resources */,
				DE35F8822C0F365F008C4082 /* RecipeCell.xib in Resources */,
				DE586B1E2BDB460F00BC7848 /* Main.storyboard in Resources */,
			);
			runOnlyForDeploymentPostprocessing = 0;
		};
		DE586B272BDB461200BC7848 /* Resources */ = {
			isa = PBXResourcesBuildPhase;
			buildActionMask = 2147483647;
			files = (
				DE58E2EB2BF1B31C0012766A /* MockRecipesResponse.json in Resources */,
			);
			runOnlyForDeploymentPostprocessing = 0;
		};
		DE586B312BDB461200BC7848 /* Resources */ = {
			isa = PBXResourcesBuildPhase;
			buildActionMask = 2147483647;
			files = (
			);
			runOnlyForDeploymentPostprocessing = 0;
		};
/* End PBXResourcesBuildPhase section */

/* Begin PBXShellScriptBuildPhase section */
		29B34145CB766011AC960F78 /* [CP] Check Pods Manifest.lock */ = {
			isa = PBXShellScriptBuildPhase;
			buildActionMask = 2147483647;
			files = (
			);
			inputFileListPaths = (
			);
			inputPaths = (
				"${PODS_PODFILE_DIR_PATH}/Podfile.lock",
				"${PODS_ROOT}/Manifest.lock",
			);
			name = "[CP] Check Pods Manifest.lock";
			outputFileListPaths = (
			);
			outputPaths = (
				"$(DERIVED_FILE_DIR)/Pods-RecipleaseTests-checkManifestLockResult.txt",
			);
			runOnlyForDeploymentPostprocessing = 0;
			shellPath = /bin/sh;
			shellScript = "diff \"${PODS_PODFILE_DIR_PATH}/Podfile.lock\" \"${PODS_ROOT}/Manifest.lock\" > /dev/null\nif [ $? != 0 ] ; then\n    # print error to STDERR\n    echo \"error: The sandbox is not in sync with the Podfile.lock. Run 'pod install' or update your CocoaPods installation.\" >&2\n    exit 1\nfi\n# This output is used by Xcode 'outputs' to avoid re-running this script phase.\necho \"SUCCESS\" > \"${SCRIPT_OUTPUT_FILE_0}\"\n";
			showEnvVarsInLog = 0;
		};
		D4EB8E32A13D29A7EB10878E /* [CP] Check Pods Manifest.lock */ = {
			isa = PBXShellScriptBuildPhase;
			buildActionMask = 2147483647;
			files = (
			);
			inputFileListPaths = (
			);
			inputPaths = (
				"${PODS_PODFILE_DIR_PATH}/Podfile.lock",
				"${PODS_ROOT}/Manifest.lock",
			);
			name = "[CP] Check Pods Manifest.lock";
			outputFileListPaths = (
			);
			outputPaths = (
				"$(DERIVED_FILE_DIR)/Pods-Reciplease-checkManifestLockResult.txt",
			);
			runOnlyForDeploymentPostprocessing = 0;
			shellPath = /bin/sh;
			shellScript = "diff \"${PODS_PODFILE_DIR_PATH}/Podfile.lock\" \"${PODS_ROOT}/Manifest.lock\" > /dev/null\nif [ $? != 0 ] ; then\n    # print error to STDERR\n    echo \"error: The sandbox is not in sync with the Podfile.lock. Run 'pod install' or update your CocoaPods installation.\" >&2\n    exit 1\nfi\n# This output is used by Xcode 'outputs' to avoid re-running this script phase.\necho \"SUCCESS\" > \"${SCRIPT_OUTPUT_FILE_0}\"\n";
			showEnvVarsInLog = 0;
		};
		E6687C9051B1D7414C5A02FA /* [CP] Embed Pods Frameworks */ = {
			isa = PBXShellScriptBuildPhase;
			buildActionMask = 2147483647;
			files = (
			);
			inputFileListPaths = (
				"${PODS_ROOT}/Target Support Files/Pods-Reciplease/Pods-Reciplease-frameworks-${CONFIGURATION}-input-files.xcfilelist",
			);
			name = "[CP] Embed Pods Frameworks";
			outputFileListPaths = (
				"${PODS_ROOT}/Target Support Files/Pods-Reciplease/Pods-Reciplease-frameworks-${CONFIGURATION}-output-files.xcfilelist",
			);
			runOnlyForDeploymentPostprocessing = 0;
			shellPath = /bin/sh;
			shellScript = "\"${PODS_ROOT}/Target Support Files/Pods-Reciplease/Pods-Reciplease-frameworks.sh\"\n";
			showEnvVarsInLog = 0;
		};
/* End PBXShellScriptBuildPhase section */

/* Begin PBXSourcesBuildPhase section */
		DE586B0F2BDB460F00BC7848 /* Sources */ = {
			isa = PBXSourcesBuildPhase;
			buildActionMask = 2147483647;
			files = (
				DE586B172BDB460F00BC7848 /* AppDelegate.swift in Sources */,
				DE366A482BE94CAE00563AB7 /* FavoriteTableViewController.swift in Sources */,
				DE366A8F2BEF0BD800563AB7 /* IngredientTableViewCell.swift in Sources */,
				DE366A672BEBF56A00563AB7 /* RecipeTableViewCell.swift in Sources */,
				DE366A3B2BDC03A000563AB7 /* SearchViewController.swift in Sources */,
				DE366A912BEF1D9C00563AB7 /* IngredientsDetailTableViewCell.swift in Sources */,
				DE586B192BDB460F00BC7848 /* SceneDelegate.swift in Sources */,
				DE366A872BEE7E0300563AB7 /* CoreDataHelper.swift in Sources */,
				DE366A542BEA905B00563AB7 /* APIResponse.swift in Sources */,
				DE366A6D2BEC423D00563AB7 /* Extension+UIImageView.swift in Sources */,
				DE366A4E2BEA8D1600563AB7 /* RecipeService.swift in Sources */,
				DE366A642BEBECF700563AB7 /* Extension+UIViewController.swift in Sources */,
				DE366A442BDC050300563AB7 /* DetailedRecipeViewController.swift in Sources */,
				DE366A522BEA901500563AB7 /* RecipeQuery.swift in Sources */,
				DE366A852BEE7AD400563AB7 /* CoreDataStack.swift in Sources */,
				DE366A7D2BEE3B2000563AB7 /* Reciplease.xcdatamodeld in Sources */,
				DE366A412BDC04CA00563AB7 /* RecipeTableViewController.swift in Sources */,
				DE366A692BEBF92100563AB7 /* InfoView.swift in Sources */,
				DE366A8B2BEE958B00563AB7 /* Extension+Notification.swift in Sources */,
				DE366A4B2BEA8CD400563AB7 /* RecipeResult.swift in Sources */,
			);
			runOnlyForDeploymentPostprocessing = 0;
		};
		DE586B252BDB461200BC7848 /* Sources */ = {
			isa = PBXSourcesBuildPhase;
			buildActionMask = 2147483647;
			files = (
				DE586B2E2BDB461200BC7848 /* RecipeServiceTests.swift in Sources */,
				DE58E2EF2BF1B5C80012766A /* MockData.swift in Sources */,
				DE58E3022BF245AC0012766A /* CoreDataHelperTests.swift in Sources */,
				DE58E2ED2BF1B3B90012766A /* MockUrlProtocol.swift in Sources */,
				DE58E3042BF2460A0012766A /* MockCoreDataStack.swift in Sources */,
				DE58E2F12BF1BBDB0012766A /* CoreDataStackTests.swift in Sources */,
				DE58E2F32BF22A2D0012766A /* MockPersistentContainer.swift in Sources */,
			);
			runOnlyForDeploymentPostprocessing = 0;
		};
		DE586B2F2BDB461200BC7848 /* Sources */ = {
			isa = PBXSourcesBuildPhase;
			buildActionMask = 2147483647;
			files = (
				DE586B382BDB461200BC7848 /* RecipleaseUITests.swift in Sources */,
				DE586B3A2BDB461200BC7848 /* RecipleaseUITestsLaunchTests.swift in Sources */,
			);
			runOnlyForDeploymentPostprocessing = 0;
		};
/* End PBXSourcesBuildPhase section */

/* Begin PBXTargetDependency section */
		DE586B2B2BDB461200BC7848 /* PBXTargetDependency */ = {
			isa = PBXTargetDependency;
			target = DE586B122BDB460F00BC7848 /* Reciplease */;
			targetProxy = DE586B2A2BDB461200BC7848 /* PBXContainerItemProxy */;
		};
		DE586B352BDB461200BC7848 /* PBXTargetDependency */ = {
			isa = PBXTargetDependency;
			target = DE586B122BDB460F00BC7848 /* Reciplease */;
			targetProxy = DE586B342BDB461200BC7848 /* PBXContainerItemProxy */;
		};
/* End PBXTargetDependency section */

/* Begin PBXVariantGroup section */
		DE586B1C2BDB460F00BC7848 /* Main.storyboard */ = {
			isa = PBXVariantGroup;
			children = (
				DE586B1D2BDB460F00BC7848 /* Base */,
			);
			name = Main.storyboard;
			sourceTree = "<group>";
		};
/* End PBXVariantGroup section */

/* Begin XCBuildConfiguration section */
		DE586B3B2BDB461200BC7848 /* Debug */ = {
			isa = XCBuildConfiguration;
			buildSettings = {
				ALWAYS_SEARCH_USER_PATHS = NO;
				ASSETCATALOG_COMPILER_GENERATE_SWIFT_ASSET_SYMBOL_EXTENSIONS = YES;
				CLANG_ANALYZER_NONNULL = YES;
				CLANG_ANALYZER_NUMBER_OBJECT_CONVERSION = YES_AGGRESSIVE;
				CLANG_CXX_LANGUAGE_STANDARD = "gnu++20";
				CLANG_ENABLE_MODULES = YES;
				CLANG_ENABLE_OBJC_ARC = YES;
				CLANG_ENABLE_OBJC_WEAK = YES;
				CLANG_WARN_BLOCK_CAPTURE_AUTORELEASING = YES;
				CLANG_WARN_BOOL_CONVERSION = YES;
				CLANG_WARN_COMMA = YES;
				CLANG_WARN_CONSTANT_CONVERSION = YES;
				CLANG_WARN_DEPRECATED_OBJC_IMPLEMENTATIONS = YES;
				CLANG_WARN_DIRECT_OBJC_ISA_USAGE = YES_ERROR;
				CLANG_WARN_DOCUMENTATION_COMMENTS = YES;
				CLANG_WARN_EMPTY_BODY = YES;
				CLANG_WARN_ENUM_CONVERSION = YES;
				CLANG_WARN_INFINITE_RECURSION = YES;
				CLANG_WARN_INT_CONVERSION = YES;
				CLANG_WARN_NON_LITERAL_NULL_CONVERSION = YES;
				CLANG_WARN_OBJC_IMPLICIT_RETAIN_SELF = YES;
				CLANG_WARN_OBJC_LITERAL_CONVERSION = YES;
				CLANG_WARN_OBJC_ROOT_CLASS = YES_ERROR;
				CLANG_WARN_QUOTED_INCLUDE_IN_FRAMEWORK_HEADER = YES;
				CLANG_WARN_RANGE_LOOP_ANALYSIS = YES;
				CLANG_WARN_STRICT_PROTOTYPES = YES;
				CLANG_WARN_SUSPICIOUS_MOVE = YES;
				CLANG_WARN_UNGUARDED_AVAILABILITY = YES_AGGRESSIVE;
				CLANG_WARN_UNREACHABLE_CODE = YES;
				CLANG_WARN__DUPLICATE_METHOD_MATCH = YES;
				COPY_PHASE_STRIP = NO;
				DEBUG_INFORMATION_FORMAT = dwarf;
				ENABLE_STRICT_OBJC_MSGSEND = YES;
				ENABLE_TESTABILITY = YES;
				ENABLE_USER_SCRIPT_SANDBOXING = YES;
				GCC_C_LANGUAGE_STANDARD = gnu17;
				GCC_DYNAMIC_NO_PIC = NO;
				GCC_NO_COMMON_BLOCKS = YES;
				GCC_OPTIMIZATION_LEVEL = 0;
				GCC_PREPROCESSOR_DEFINITIONS = (
					"DEBUG=1",
					"$(inherited)",
				);
				GCC_WARN_64_TO_32_BIT_CONVERSION = YES;
				GCC_WARN_ABOUT_RETURN_TYPE = YES_ERROR;
				GCC_WARN_UNDECLARED_SELECTOR = YES;
				GCC_WARN_UNINITIALIZED_AUTOS = YES_AGGRESSIVE;
				GCC_WARN_UNUSED_FUNCTION = YES;
				GCC_WARN_UNUSED_VARIABLE = YES;
				IPHONEOS_DEPLOYMENT_TARGET = 17.0;
				LOCALIZATION_PREFERS_STRING_CATALOGS = YES;
				MTL_ENABLE_DEBUG_INFO = INCLUDE_SOURCE;
				MTL_FAST_MATH = YES;
				ONLY_ACTIVE_ARCH = YES;
				SDKROOT = iphoneos;
				SWIFT_ACTIVE_COMPILATION_CONDITIONS = "DEBUG $(inherited)";
				SWIFT_OPTIMIZATION_LEVEL = "-Onone";
			};
			name = Debug;
		};
		DE586B3C2BDB461200BC7848 /* Release */ = {
			isa = XCBuildConfiguration;
			buildSettings = {
				ALWAYS_SEARCH_USER_PATHS = NO;
				ASSETCATALOG_COMPILER_GENERATE_SWIFT_ASSET_SYMBOL_EXTENSIONS = YES;
				CLANG_ANALYZER_NONNULL = YES;
				CLANG_ANALYZER_NUMBER_OBJECT_CONVERSION = YES_AGGRESSIVE;
				CLANG_CXX_LANGUAGE_STANDARD = "gnu++20";
				CLANG_ENABLE_MODULES = YES;
				CLANG_ENABLE_OBJC_ARC = YES;
				CLANG_ENABLE_OBJC_WEAK = YES;
				CLANG_WARN_BLOCK_CAPTURE_AUTORELEASING = YES;
				CLANG_WARN_BOOL_CONVERSION = YES;
				CLANG_WARN_COMMA = YES;
				CLANG_WARN_CONSTANT_CONVERSION = YES;
				CLANG_WARN_DEPRECATED_OBJC_IMPLEMENTATIONS = YES;
				CLANG_WARN_DIRECT_OBJC_ISA_USAGE = YES_ERROR;
				CLANG_WARN_DOCUMENTATION_COMMENTS = YES;
				CLANG_WARN_EMPTY_BODY = YES;
				CLANG_WARN_ENUM_CONVERSION = YES;
				CLANG_WARN_INFINITE_RECURSION = YES;
				CLANG_WARN_INT_CONVERSION = YES;
				CLANG_WARN_NON_LITERAL_NULL_CONVERSION = YES;
				CLANG_WARN_OBJC_IMPLICIT_RETAIN_SELF = YES;
				CLANG_WARN_OBJC_LITERAL_CONVERSION = YES;
				CLANG_WARN_OBJC_ROOT_CLASS = YES_ERROR;
				CLANG_WARN_QUOTED_INCLUDE_IN_FRAMEWORK_HEADER = YES;
				CLANG_WARN_RANGE_LOOP_ANALYSIS = YES;
				CLANG_WARN_STRICT_PROTOTYPES = YES;
				CLANG_WARN_SUSPICIOUS_MOVE = YES;
				CLANG_WARN_UNGUARDED_AVAILABILITY = YES_AGGRESSIVE;
				CLANG_WARN_UNREACHABLE_CODE = YES;
				CLANG_WARN__DUPLICATE_METHOD_MATCH = YES;
				COPY_PHASE_STRIP = NO;
				DEBUG_INFORMATION_FORMAT = "dwarf-with-dsym";
				ENABLE_NS_ASSERTIONS = NO;
				ENABLE_STRICT_OBJC_MSGSEND = YES;
				ENABLE_USER_SCRIPT_SANDBOXING = YES;
				GCC_C_LANGUAGE_STANDARD = gnu17;
				GCC_NO_COMMON_BLOCKS = YES;
				GCC_WARN_64_TO_32_BIT_CONVERSION = YES;
				GCC_WARN_ABOUT_RETURN_TYPE = YES_ERROR;
				GCC_WARN_UNDECLARED_SELECTOR = YES;
				GCC_WARN_UNINITIALIZED_AUTOS = YES_AGGRESSIVE;
				GCC_WARN_UNUSED_FUNCTION = YES;
				GCC_WARN_UNUSED_VARIABLE = YES;
				IPHONEOS_DEPLOYMENT_TARGET = 17.0;
				LOCALIZATION_PREFERS_STRING_CATALOGS = YES;
				MTL_ENABLE_DEBUG_INFO = NO;
				MTL_FAST_MATH = YES;
				SDKROOT = iphoneos;
				SWIFT_COMPILATION_MODE = wholemodule;
				VALIDATE_PRODUCT = YES;
			};
			name = Release;
		};
		DE586B3E2BDB461200BC7848 /* Debug */ = {
			isa = XCBuildConfiguration;
			baseConfigurationReference = A08E6BD67AA40BCE3F486F0D /* Pods-Reciplease.debug.xcconfig */;
			buildSettings = {
				ASSETCATALOG_COMPILER_APPICON_NAME = AppIcon;
				ASSETCATALOG_COMPILER_GLOBAL_ACCENT_COLOR_NAME = AccentColor;
				CODE_SIGN_ENTITLEMENTS = Reciplease/Reciplease.entitlements;
				CODE_SIGN_STYLE = Automatic;
				CURRENT_PROJECT_VERSION = 1;
				DEVELOPMENT_TEAM = B8CFMG9SS9;
				ENABLE_USER_SCRIPT_SANDBOXING = NO;
				GENERATE_INFOPLIST_FILE = YES;
				INFOPLIST_FILE = Reciplease/Info.plist;
				INFOPLIST_KEY_UIApplicationSupportsIndirectInputEvents = YES;
				INFOPLIST_KEY_UILaunchStoryboardName = LaunchScreen;
				INFOPLIST_KEY_UIMainStoryboardFile = Main;
				INFOPLIST_KEY_UISupportedInterfaceOrientations_iPad = "UIInterfaceOrientationPortrait UIInterfaceOrientationPortraitUpsideDown UIInterfaceOrientationLandscapeLeft UIInterfaceOrientationLandscapeRight";
				INFOPLIST_KEY_UISupportedInterfaceOrientations_iPhone = "UIInterfaceOrientationPortrait UIInterfaceOrientationLandscapeLeft UIInterfaceOrientationLandscapeRight";
				INFOPLIST_KEY_UIUserInterfaceStyle = Light;
				LD_RUNPATH_SEARCH_PATHS = (
					"$(inherited)",
					"@executable_path/Frameworks",
				);
				MARKETING_VERSION = 1.0;
				PRODUCT_BUNDLE_IDENTIFIER = TC.Reciplease;
				PRODUCT_NAME = "$(TARGET_NAME)";
				SWIFT_EMIT_LOC_STRINGS = YES;
				SWIFT_VERSION = 5.0;
				TARGETED_DEVICE_FAMILY = "1,2";
			};
			name = Debug;
		};
		DE586B3F2BDB461200BC7848 /* Release */ = {
			isa = XCBuildConfiguration;
			baseConfigurationReference = 6BF4C6A0ABFB720546F26DD0 /* Pods-Reciplease.release.xcconfig */;
			buildSettings = {
				ASSETCATALOG_COMPILER_APPICON_NAME = AppIcon;
				ASSETCATALOG_COMPILER_GLOBAL_ACCENT_COLOR_NAME = AccentColor;
				CODE_SIGN_ENTITLEMENTS = Reciplease/Reciplease.entitlements;
				CODE_SIGN_STYLE = Automatic;
				CURRENT_PROJECT_VERSION = 1;
				DEVELOPMENT_TEAM = B8CFMG9SS9;
				ENABLE_USER_SCRIPT_SANDBOXING = NO;
				GENERATE_INFOPLIST_FILE = YES;
				INFOPLIST_FILE = Reciplease/Info.plist;
				INFOPLIST_KEY_UIApplicationSupportsIndirectInputEvents = YES;
				INFOPLIST_KEY_UILaunchStoryboardName = LaunchScreen;
				INFOPLIST_KEY_UIMainStoryboardFile = Main;
				INFOPLIST_KEY_UISupportedInterfaceOrientations_iPad = "UIInterfaceOrientationPortrait UIInterfaceOrientationPortraitUpsideDown UIInterfaceOrientationLandscapeLeft UIInterfaceOrientationLandscapeRight";
				INFOPLIST_KEY_UISupportedInterfaceOrientations_iPhone = "UIInterfaceOrientationPortrait UIInterfaceOrientationLandscapeLeft UIInterfaceOrientationLandscapeRight";
				INFOPLIST_KEY_UIUserInterfaceStyle = Light;
				LD_RUNPATH_SEARCH_PATHS = (
					"$(inherited)",
					"@executable_path/Frameworks",
				);
				MARKETING_VERSION = 1.0;
				PRODUCT_BUNDLE_IDENTIFIER = TC.Reciplease;
				PRODUCT_NAME = "$(TARGET_NAME)";
				SWIFT_EMIT_LOC_STRINGS = YES;
				SWIFT_VERSION = 5.0;
				TARGETED_DEVICE_FAMILY = "1,2";
			};
			name = Release;
		};
		DE586B412BDB461200BC7848 /* Debug */ = {
			isa = XCBuildConfiguration;
			baseConfigurationReference = B2B097F9CCEB4B54060C6EB8 /* Pods-RecipleaseTests.debug.xcconfig */;
			buildSettings = {
				ALWAYS_EMBED_SWIFT_STANDARD_LIBRARIES = YES;
				BUNDLE_LOADER = "$(TEST_HOST)";
				CODE_SIGN_STYLE = Automatic;
				CURRENT_PROJECT_VERSION = 1;
				DEVELOPMENT_TEAM = B8CFMG9SS9;
				GENERATE_INFOPLIST_FILE = YES;
				IPHONEOS_DEPLOYMENT_TARGET = 17.0;
				MARKETING_VERSION = 1.0;
				PRODUCT_BUNDLE_IDENTIFIER = TC.RecipleaseTests;
				PRODUCT_NAME = "$(TARGET_NAME)";
				SWIFT_EMIT_LOC_STRINGS = NO;
				SWIFT_VERSION = 5.0;
				TARGETED_DEVICE_FAMILY = "1,2";
				TEST_HOST = "$(BUILT_PRODUCTS_DIR)/Reciplease.app/$(BUNDLE_EXECUTABLE_FOLDER_PATH)/Reciplease";
			};
			name = Debug;
		};
		DE586B422BDB461200BC7848 /* Release */ = {
			isa = XCBuildConfiguration;
			baseConfigurationReference = D494B9F37BE65779B466AC1B /* Pods-RecipleaseTests.release.xcconfig */;
			buildSettings = {
				ALWAYS_EMBED_SWIFT_STANDARD_LIBRARIES = YES;
				BUNDLE_LOADER = "$(TEST_HOST)";
				CODE_SIGN_STYLE = Automatic;
				CURRENT_PROJECT_VERSION = 1;
				DEVELOPMENT_TEAM = B8CFMG9SS9;
				GENERATE_INFOPLIST_FILE = YES;
				IPHONEOS_DEPLOYMENT_TARGET = 17.0;
				MARKETING_VERSION = 1.0;
				PRODUCT_BUNDLE_IDENTIFIER = TC.RecipleaseTests;
				PRODUCT_NAME = "$(TARGET_NAME)";
				SWIFT_EMIT_LOC_STRINGS = NO;
				SWIFT_VERSION = 5.0;
				TARGETED_DEVICE_FAMILY = "1,2";
				TEST_HOST = "$(BUILT_PRODUCTS_DIR)/Reciplease.app/$(BUNDLE_EXECUTABLE_FOLDER_PATH)/Reciplease";
			};
			name = Release;
		};
		DE586B442BDB461200BC7848 /* Debug */ = {
			isa = XCBuildConfiguration;
			buildSettings = {
				ALWAYS_EMBED_SWIFT_STANDARD_LIBRARIES = YES;
				CODE_SIGN_STYLE = Automatic;
				CURRENT_PROJECT_VERSION = 1;
				DEVELOPMENT_TEAM = B8CFMG9SS9;
				GENERATE_INFOPLIST_FILE = YES;
				MARKETING_VERSION = 1.0;
				PRODUCT_BUNDLE_IDENTIFIER = TC.RecipleaseUITests;
				PRODUCT_NAME = "$(TARGET_NAME)";
				SWIFT_EMIT_LOC_STRINGS = NO;
				SWIFT_VERSION = 5.0;
				TARGETED_DEVICE_FAMILY = "1,2";
				TEST_TARGET_NAME = Reciplease;
			};
			name = Debug;
		};
		DE586B452BDB461200BC7848 /* Release */ = {
			isa = XCBuildConfiguration;
			buildSettings = {
				ALWAYS_EMBED_SWIFT_STANDARD_LIBRARIES = YES;
				CODE_SIGN_STYLE = Automatic;
				CURRENT_PROJECT_VERSION = 1;
				DEVELOPMENT_TEAM = B8CFMG9SS9;
				GENERATE_INFOPLIST_FILE = YES;
				MARKETING_VERSION = 1.0;
				PRODUCT_BUNDLE_IDENTIFIER = TC.RecipleaseUITests;
				PRODUCT_NAME = "$(TARGET_NAME)";
				SWIFT_EMIT_LOC_STRINGS = NO;
				SWIFT_VERSION = 5.0;
				TARGETED_DEVICE_FAMILY = "1,2";
				TEST_TARGET_NAME = Reciplease;
			};
			name = Release;
		};
/* End XCBuildConfiguration section */

/* Begin XCConfigurationList section */
		DE586B0E2BDB460F00BC7848 /* Build configuration list for PBXProject "Reciplease" */ = {
			isa = XCConfigurationList;
			buildConfigurations = (
				DE586B3B2BDB461200BC7848 /* Debug */,
				DE586B3C2BDB461200BC7848 /* Release */,
			);
			defaultConfigurationIsVisible = 0;
			defaultConfigurationName = Release;
		};
		DE586B3D2BDB461200BC7848 /* Build configuration list for PBXNativeTarget "Reciplease" */ = {
			isa = XCConfigurationList;
			buildConfigurations = (
				DE586B3E2BDB461200BC7848 /* Debug */,
				DE586B3F2BDB461200BC7848 /* Release */,
			);
			defaultConfigurationIsVisible = 0;
			defaultConfigurationName = Release;
		};
		DE586B402BDB461200BC7848 /* Build configuration list for PBXNativeTarget "RecipleaseTests" */ = {
			isa = XCConfigurationList;
			buildConfigurations = (
				DE586B412BDB461200BC7848 /* Debug */,
				DE586B422BDB461200BC7848 /* Release */,
			);
			defaultConfigurationIsVisible = 0;
			defaultConfigurationName = Release;
		};
		DE586B432BDB461200BC7848 /* Build configuration list for PBXNativeTarget "RecipleaseUITests" */ = {
			isa = XCConfigurationList;
			buildConfigurations = (
				DE586B442BDB461200BC7848 /* Debug */,
				DE586B452BDB461200BC7848 /* Release */,
			);
			defaultConfigurationIsVisible = 0;
			defaultConfigurationName = Release;
		};
/* End XCConfigurationList section */

/* Begin XCVersionGroup section */
		DE366A7B2BEE3B2000563AB7 /* Reciplease.xcdatamodeld */ = {
			isa = XCVersionGroup;
			children = (
				DE366A7C2BEE3B2000563AB7 /* Reciplease.xcdatamodel */,
			);
			currentVersion = DE366A7C2BEE3B2000563AB7 /* Reciplease.xcdatamodel */;
			path = Reciplease.xcdatamodeld;
			sourceTree = "<group>";
			versionGroupType = wrapper.xcdatamodel;
		};
/* End XCVersionGroup section */
	};
	rootObject = DE586B0B2BDB460F00BC7848 /* Project object */;
}
